
Microsoft Visual Studio Solution File, Format Version 12.00
# Visual Studio Version 17
VisualStudioVersion = 17.14.36623.8 d17.14
MinimumVisualStudioVersion = 10.0.40219.1
Project("{FAE04EC0-301F-11D3-BF4B-00C04F79EFBC}") = "Ex19", "HW3\Ex19.csproj", "{65155F3E-4650-40D3-AC18-CC22439C9B10}"
EndProject
Project("{FAE04EC0-301F-11D3-BF4B-00C04F79EFBC}") = "Ex20", "Ex20\Ex20.csproj", "{38789D05-806A-4E66-8217-89347646F660}"
EndProject
Project("{FAE04EC0-301F-11D3-BF4B-00C04F79EFBC}") = "Ex21", "Ex21\Ex21.csproj", "{D2C7B457-9933-4676-AE7D-8EF6C1A045BA}"
EndProject
Project("{FAE04EC0-301F-11D3-BF4B-00C04F79EFBC}") = "Ex22", "Ex22\Ex22.csproj", "{2661CD15-89F3-484B-B866-0126B3EA47BC}"
EndProject
Project("{FAE04EC0-301F-11D3-BF4B-00C04F79EFBC}") = "Ex23", "Ex23\Ex23.csproj", "{4D4A85D7-5293-4CBB-9140-4BA6CC4DB3F3}"
EndProject
Global
	GlobalSection(SolutionConfigurationPlatforms) = preSolution
		Debug|Any CPU = Debug|Any CPU
		Release|Any CPU = Release|Any CPU
	EndGlobalSection
	GlobalSection(ProjectConfigurationPlatforms) = postSolution
		{65155F3E-4650-40D3-AC18-CC22439C9B10}.Debug|Any CPU.ActiveCfg = Debug|Any CPU
		{65155F3E-4650-40D3-AC18-CC22439C9B10}.Debug|Any CPU.Build.0 = Debug|Any CPU
		{65155F3E-4650-40D3-AC18-CC22439C9B10}.Release|Any CPU.ActiveCfg = Release|Any CPU
		{65155F3E-4650-40D3-AC18-CC22439C9B10}.Release|Any CPU.Build.0 = Release|Any CPU
		{38789D05-806A-4E66-8217-89347646F660}.Debug|Any CPU.ActiveCfg = Debug|Any CPU
		{38789D05-806A-4E66-8217-89347646F660}.Debug|Any CPU.Build.0 = Debug|Any CPU
		{38789D05-806A-4E66-8217-89347646F660}.Release|Any CPU.ActiveCfg = Release|Any CPU
		{38789D05-806A-4E66-8217-89347646F660}.Release|Any CPU.Build.0 = Release|Any CPU
		{D2C7B457-9933-4676-AE7D-8EF6C1A045BA}.Debug|Any CPU.ActiveCfg = Debug|Any CPU
		{D2C7B457-9933-4676-AE7D-8EF6C1A045BA}.Debug|Any CPU.Build.0 = Debug|Any CPU
		{D2C7B457-9933-4676-AE7D-8EF6C1A045BA}.Release|Any CPU.ActiveCfg = Release|Any CPU
		{D2C7B457-9933-4676-AE7D-8EF6C1A045BA}.Release|Any CPU.Build.0 = Release|Any CPU
		{2661CD15-89F3-484B-B866-0126B3EA47BC}.Debug|Any CPU.ActiveCfg = Debug|Any CPU
		{2661CD15-89F3-484B-B866-0126B3EA47BC}.Debug|Any CPU.Build.0 = Debug|Any CPU
		{2661CD15-89F3-484B-B866-0126B3EA47BC}.Release|Any CPU.ActiveCfg = Release|Any CPU
		{2661CD15-89F3-484B-B866-0126B3EA47BC}.Release|Any CPU.Build.0 = Release|Any CPU
		{4D4A85D7-5293-4CBB-9140-4BA6CC4DB3F3}.Debug|Any CPU.ActiveCfg = Debug|Any CPU
		{4D4A85D7-5293-4CBB-9140-4BA6CC4DB3F3}.Debug|Any CPU.Build.0 = Debug|Any CPU
		{4D4A85D7-5293-4CBB-9140-4BA6CC4DB3F3}.Release|Any CPU.ActiveCfg = Release|Any CPU
		{4D4A85D7-5293-4CBB-9140-4BA6CC4DB3F3}.Release|Any CPU.Build.0 = Release|Any CPU
	EndGlobalSection
	GlobalSection(SolutionProperties) = preSolution
		HideSolutionNode = FALSE
	EndGlobalSection
	GlobalSection(ExtensibilityGlobals) = postSolution
		SolutionGuid = {9D5230B5-23A6-4B9E-BDCD-72B1D2D9F666}
	EndGlobalSection
EndGlobal
